
Microsoft Visual Studio Solution File, Format Version 12.00
# Visual Studio Version 17
VisualStudioVersion = 17.4.33122.133
MinimumVisualStudioVersion = 10.0.40219.1
Project("{FAE04EC0-301F-11D3-BF4B-00C04F79EFBC}") = "NotebookHW", "NotebookHW\NotebookHW.csproj", "{35EDB732-9420-4225-9B9A-2D12404F809C}"
EndProject
Global
	GlobalSection(SolutionConfigurationPlatforms) = preSolution
		Debug|Any CPU = Debug|Any CPU
		Release|Any CPU = Release|Any CPU
	EndGlobalSection
	GlobalSection(ProjectConfigurationPlatforms) = postSolution
		{35EDB732-9420-4225-9B9A-2D12404F809C}.Debug|Any CPU.ActiveCfg = Debug|Any CPU
		{35EDB732-9420-4225-9B9A-2D12404F809C}.Debug|Any CPU.Build.0 = Debug|Any CPU
		{35EDB732-9420-4225-9B9A-2D12404F809C}.Release|Any CPU.ActiveCfg = Release|Any CPU
		{35EDB732-9420-4225-9B9A-2D12404F809C}.Release|Any CPU.Build.0 = Release|Any CPU
	EndGlobalSection
	GlobalSection(SolutionProperties) = preSolution
		HideSolutionNode = FALSE
	EndGlobalSection
	GlobalSection(ExtensibilityGlobals) = postSolution
		SolutionGuid = {79D7DBB9-B7AC-4B8D-B110-B555CF9D2AA2}
	EndGlobalSection
EndGlobal
